
Microsoft Visual Studio Solution File, Format Version 12.00
# Visual Studio Version 17
VisualStudioVersion = 17.10.34928.147
MinimumVisualStudioVersion = 10.0.40219.1
Project("{FAE04EC0-301F-11D3-BF4B-00C04F79EFBC}") = "ListaDeExercicios.Exercicio01", "ListaDeExercicios.Exercicio01\ListaDeExercicios.Exercicio01.csproj", "{B1596A26-F463-46CB-937F-BE24A1320BB8}"
EndProject
Project("{FAE04EC0-301F-11D3-BF4B-00C04F79EFBC}") = "ListaDeExercicios.Exercicio02", "ListaDeExercicios.Exercicio02\ListaDeExercicios.Exercicio02.csproj", "{458609AB-0A2A-41FB-9BA5-A67CBAE0EBDD}"
EndProject
Global
	GlobalSection(SolutionConfigurationPlatforms) = preSolution
		Debug|Any CPU = Debug|Any CPU
		Release|Any CPU = Release|Any CPU
	EndGlobalSection
	GlobalSection(ProjectConfigurationPlatforms) = postSolution
		{B1596A26-F463-46CB-937F-BE24A1320BB8}.Debug|Any CPU.ActiveCfg = Debug|Any CPU
		{B1596A26-F463-46CB-937F-BE24A1320BB8}.Debug|Any CPU.Build.0 = Debug|Any CPU
		{B1596A26-F463-46CB-937F-BE24A1320BB8}.Release|Any CPU.ActiveCfg = Release|Any CPU
		{B1596A26-F463-46CB-937F-BE24A1320BB8}.Release|Any CPU.Build.0 = Release|Any CPU
		{458609AB-0A2A-41FB-9BA5-A67CBAE0EBDD}.Debug|Any CPU.ActiveCfg = Debug|Any CPU
		{458609AB-0A2A-41FB-9BA5-A67CBAE0EBDD}.Debug|Any CPU.Build.0 = Debug|Any CPU
		{458609AB-0A2A-41FB-9BA5-A67CBAE0EBDD}.Release|Any CPU.ActiveCfg = Release|Any CPU
		{458609AB-0A2A-41FB-9BA5-A67CBAE0EBDD}.Release|Any CPU.Build.0 = Release|Any CPU
	EndGlobalSection
	GlobalSection(SolutionProperties) = preSolution
		HideSolutionNode = FALSE
	EndGlobalSection
	GlobalSection(ExtensibilityGlobals) = postSolution
		SolutionGuid = {3B614AC4-7D37-4277-BB25-53BEDEFED55F}
	EndGlobalSection
EndGlobal
